
Microsoft Visual Studio Solution File, Format Version 12.00
# Visual Studio Version 17
VisualStudioVersion = 17.10.35027.167
MinimumVisualStudioVersion = 10.0.40219.1
Project("{FAE04EC0-301F-11D3-BF4B-00C04F79EFBC}") = "eUcionica", "eUcionica\eUcionica.csproj", "{93F322C0-C659-49DC-A9AC-68B30543A7D7}"
EndProject
Global
	GlobalSection(SolutionConfigurationPlatforms) = preSolution
		Debug|Any CPU = Debug|Any CPU
		Release|Any CPU = Release|Any CPU
	EndGlobalSection
	GlobalSection(ProjectConfigurationPlatforms) = postSolution
		{93F322C0-C659-49DC-A9AC-68B30543A7D7}.Debug|Any CPU.ActiveCfg = Debug|Any CPU
		{93F322C0-C659-49DC-A9AC-68B30543A7D7}.Debug|Any CPU.Build.0 = Debug|Any CPU
		{93F322C0-C659-49DC-A9AC-68B30543A7D7}.Release|Any CPU.ActiveCfg = Release|Any CPU
		{93F322C0-C659-49DC-A9AC-68B30543A7D7}.Release|Any CPU.Build.0 = Release|Any CPU
	EndGlobalSection
	GlobalSection(SolutionProperties) = preSolution
		HideSolutionNode = FALSE
	EndGlobalSection
	GlobalSection(ExtensibilityGlobals) = postSolution
		SolutionGuid = {6640A620-270C-461F-9D65-C3D6DC3AD55B}
	EndGlobalSection
EndGlobal
